
Microsoft Visual Studio Solution File, Format Version 12.00
# Visual Studio Version 17
VisualStudioVersion = 17.8.34330.188
MinimumVisualStudioVersion = 10.0.40219.1
Project("{FAE04EC0-301F-11D3-BF4B-00C04F79EFBC}") = "Project2BurgerMenu", "Project2BurgerMenu\Project2BurgerMenu.csproj", "{095AC4C3-4F92-4C91-9528-6B4641F15D95}"
EndProject
Global
	GlobalSection(SolutionConfigurationPlatforms) = preSolution
		Debug|Any CPU = Debug|Any CPU
		Release|Any CPU = Release|Any CPU
	EndGlobalSection
	GlobalSection(ProjectConfigurationPlatforms) = postSolution
		{095AC4C3-4F92-4C91-9528-6B4641F15D95}.Debug|Any CPU.ActiveCfg = Debug|Any CPU
		{095AC4C3-4F92-4C91-9528-6B4641F15D95}.Debug|Any CPU.Build.0 = Debug|Any CPU
		{095AC4C3-4F92-4C91-9528-6B4641F15D95}.Release|Any CPU.ActiveCfg = Release|Any CPU
		{095AC4C3-4F92-4C91-9528-6B4641F15D95}.Release|Any CPU.Build.0 = Release|Any CPU
	EndGlobalSection
	GlobalSection(SolutionProperties) = preSolution
		HideSolutionNode = FALSE
	EndGlobalSection
	GlobalSection(ExtensibilityGlobals) = postSolution
		SolutionGuid = {AF0A8541-24BB-4812-ADDC-CFD4B0F0BFA3}
	EndGlobalSection
EndGlobal
